// !$*UTF8*$!
{
	archiveVersion = 1;
	classes = {
	};
	objectVersion = 46;
	objects = {

/* Begin PBXBuildFile section */
		57C59724595A41158A5EAC00 /* libPods.a in Frameworks */ = {isa = PBXBuildFile; fileRef = DF20BC600D358F171EF002BF /* libPods.a */; };
		90E95B951B775D9500A47BEA /* AppDelegate.swift in Sources */ = {isa = PBXBuildFile; fileRef = 90E95B941B775D9500A47BEA /* AppDelegate.swift */; };
		90E95B971B775D9500A47BEA /* FirstViewController.swift in Sources */ = {isa = PBXBuildFile; fileRef = 90E95B961B775D9500A47BEA /* FirstViewController.swift */; };
		90E95B991B775D9500A47BEA /* SecondViewController.swift in Sources */ = {isa = PBXBuildFile; fileRef = 90E95B981B775D9500A47BEA /* SecondViewController.swift */; };
		90E95B9C1B775D9500A47BEA /* Main.storyboard in Resources */ = {isa = PBXBuildFile; fileRef = 90E95B9A1B775D9500A47BEA /* Main.storyboard */; };
		90E95B9E1B775D9500A47BEA /* Images.xcassets in Resources */ = {isa = PBXBuildFile; fileRef = 90E95B9D1B775D9500A47BEA /* Images.xcassets */; };
		90E95BA11B775D9500A47BEA /* LaunchScreen.xib in Resources */ = {isa = PBXBuildFile; fileRef = 90E95B9F1B775D9500A47BEA /* LaunchScreen.xib */; };
		90E95BAD1B775D9500A47BEA /* BudgetBuddy5Tests.swift in Sources */ = {isa = PBXBuildFile; fileRef = 90E95BAC1B775D9500A47BEA /* BudgetBuddy5Tests.swift */; };
		90FB8A451B7766C1005A0403 /* MapKit.framework in Frameworks */ = {isa = PBXBuildFile; fileRef = 90FB8A441B7766C1005A0403 /* MapKit.framework */; };
		90FB8A471B7772A0005A0403 /* BuddyViewController.swift in Sources */ = {isa = PBXBuildFile; fileRef = 90FB8A461B7772A0005A0403 /* BuddyViewController.swift */; };
		90FB8A491B7786A9005A0403 /* Event.swift in Sources */ = {isa = PBXBuildFile; fileRef = 90FB8A481B7786A9005A0403 /* Event.swift */; };
/* End PBXBuildFile section */

/* Begin PBXContainerItemProxy section */
		90E95BA71B775D9500A47BEA /* PBXContainerItemProxy */ = {
			isa = PBXContainerItemProxy;
			containerPortal = 90E95B871B775D9500A47BEA /* Project object */;
			proxyType = 1;
			remoteGlobalIDString = 90E95B8E1B775D9500A47BEA;
			remoteInfo = BudgetBuddy5;
		};
/* End PBXContainerItemProxy section */

/* Begin PBXFileReference section */
		90E95B8F1B775D9500A47BEA /* BudgetBuddy5.app */ = {isa = PBXFileReference; explicitFileType = wrapper.application; includeInIndex = 0; path = BudgetBuddy5.app; sourceTree = BUILT_PRODUCTS_DIR; };
		90E95B931B775D9500A47BEA /* Info.plist */ = {isa = PBXFileReference; lastKnownFileType = text.plist.xml; path = Info.plist; sourceTree = "<group>"; };
		90E95B941B775D9500A47BEA /* AppDelegate.swift */ = {isa = PBXFileReference; lastKnownFileType = sourcecode.swift; path = AppDelegate.swift; sourceTree = "<group>"; };
		90E95B961B775D9500A47BEA /* FirstViewController.swift */ = {isa = PBXFileReference; lastKnownFileType = sourcecode.swift; path = FirstViewController.swift; sourceTree = "<group>"; };
		90E95B981B775D9500A47BEA /* SecondViewController.swift */ = {isa = PBXFileReference; lastKnownFileType = sourcecode.swift; path = SecondViewController.swift; sourceTree = "<group>"; };
		90E95B9B1B775D9500A47BEA /* Base */ = {isa = PBXFileReference; lastKnownFileType = file.storyboard; name = Base; path = Base.lproj/Main.storyboard; sourceTree = "<group>"; };
		90E95B9D1B775D9500A47BEA /* Images.xcassets */ = {isa = PBXFileReference; lastKnownFileType = folder.assetcatalog; path = Images.xcassets; sourceTree = "<group>"; };
		90E95BA01B775D9500A47BEA /* Base */ = {isa = PBXFileReference; lastKnownFileType = file.xib; name = Base; path = Base.lproj/LaunchScreen.xib; sourceTree = "<group>"; };
		90E95BA61B775D9500A47BEA /* BudgetBuddy5Tests.xctest */ = {isa = PBXFileReference; explicitFileType = wrapper.cfbundle; includeInIndex = 0; path = BudgetBuddy5Tests.xctest; sourceTree = BUILT_PRODUCTS_DIR; };
		90E95BAB1B775D9500A47BEA /* Info.plist */ = {isa = PBXFileReference; lastKnownFileType = text.plist.xml; path = Info.plist; sourceTree = "<group>"; };
		90E95BAC1B775D9500A47BEA /* BudgetBuddy5Tests.swift */ = {isa = PBXFileReference; lastKnownFileType = sourcecode.swift; path = BudgetBuddy5Tests.swift; sourceTree = "<group>"; };
		90FB8A431B775EC1005A0403 /* Bridging.h */ = {isa = PBXFileReference; lastKnownFileType = sourcecode.c.h; path = Bridging.h; sourceTree = "<group>"; };
		90FB8A441B7766C1005A0403 /* MapKit.framework */ = {isa = PBXFileReference; lastKnownFileType = wrapper.framework; name = MapKit.framework; path = System/Library/Frameworks/MapKit.framework; sourceTree = SDKROOT; };
		90FB8A461B7772A0005A0403 /* BuddyViewController.swift */ = {isa = PBXFileReference; fileEncoding = 4; lastKnownFileType = sourcecode.swift; path = BuddyViewController.swift; sourceTree = "<group>"; };
		90FB8A481B7786A9005A0403 /* Event.swift */ = {isa = PBXFileReference; fileEncoding = 4; lastKnownFileType = sourcecode.swift; name = Event.swift; path = ../Event.swift; sourceTree = "<group>"; };
		90FB8A4C1B778CAC005A0403 /* SenseSdk.framework */ = {isa = PBXFileReference; lastKnownFileType = wrapper.framework; name = SenseSdk.framework; path = ../BudgetBuddy/SenseSdk.framework; sourceTree = "<group>"; };
		997DD5687A5345729C545F86 /* Pods.release.xcconfig */ = {isa = PBXFileReference; includeInIndex = 1; lastKnownFileType = text.xcconfig; name = Pods.release.xcconfig; path = "Pods/Target Support Files/Pods/Pods.release.xcconfig"; sourceTree = "<group>"; };
		CDA433F7ADBAF489C1652841 /* Pods.debug.xcconfig */ = {isa = PBXFileReference; includeInIndex = 1; lastKnownFileType = text.xcconfig; name = Pods.debug.xcconfig; path = "Pods/Target Support Files/Pods/Pods.debug.xcconfig"; sourceTree = "<group>"; };
		DF20BC600D358F171EF002BF /* libPods.a */ = {isa = PBXFileReference; explicitFileType = archive.ar; includeInIndex = 0; path = libPods.a; sourceTree = BUILT_PRODUCTS_DIR; };
/* End PBXFileReference section */

/* Begin PBXFrameworksBuildPhase section */
		90E95B8C1B775D9500A47BEA /* Frameworks */ = {
			isa = PBXFrameworksBuildPhase;
			buildActionMask = 2147483647;
			files = (
				90FB8A451B7766C1005A0403 /* MapKit.framework in Frameworks */,
				57C59724595A41158A5EAC00 /* libPods.a in Frameworks */,
			);
			runOnlyForDeploymentPostprocessing = 0;
		};
		90E95BA31B775D9500A47BEA /* Frameworks */ = {
			isa = PBXFrameworksBuildPhase;
			buildActionMask = 2147483647;
			files = (
			);
			runOnlyForDeploymentPostprocessing = 0;
		};
/* End PBXFrameworksBuildPhase section */

/* Begin PBXGroup section */
		90E95B861B775D9500A47BEA = {
			isa = PBXGroup;
			children = (
				90FB8A431B775EC1005A0403 /* Bridging.h */,
				90E95B911B775D9500A47BEA /* BudgetBuddy5 */,
				90E95BA91B775D9500A47BEA /* BudgetBuddy5Tests */,
				90E95B901B775D9500A47BEA /* Products */,
				C6E24EEE1769EE68B7ABC7EE /* Pods */,
				A7947AF37EA6B0AF33E08415 /* Frameworks */,
			);
			sourceTree = "<group>";
		};
		90E95B901B775D9500A47BEA /* Products */ = {
			isa = PBXGroup;
			children = (
				90E95B8F1B775D9500A47BEA /* BudgetBuddy5.app */,
				90E95BA61B775D9500A47BEA /* BudgetBuddy5Tests.xctest */,
			);
			name = Products;
			sourceTree = "<group>";
		};
		90E95B911B775D9500A47BEA /* BudgetBuddy5 */ = {
			isa = PBXGroup;
			children = (
				90FB8A481B7786A9005A0403 /* Event.swift */,
				90E95B941B775D9500A47BEA /* AppDelegate.swift */,
				90E95B961B775D9500A47BEA /* FirstViewController.swift */,
				90E95B981B775D9500A47BEA /* SecondViewController.swift */,
				90E95B9A1B775D9500A47BEA /* Main.storyboard */,
				90E95B9D1B775D9500A47BEA /* Images.xcassets */,
				90E95B9F1B775D9500A47BEA /* LaunchScreen.xib */,
				90E95B921B775D9500A47BEA /* Supporting Files */,
				90FB8A461B7772A0005A0403 /* BuddyViewController.swift */,
			);
			path = BudgetBuddy5;
			sourceTree = "<group>";
		};
		90E95B921B775D9500A47BEA /* Supporting Files */ = {
			isa = PBXGroup;
			children = (
				90E95B931B775D9500A47BEA /* Info.plist */,
			);
			name = "Supporting Files";
			sourceTree = "<group>";
		};
		90E95BA91B775D9500A47BEA /* BudgetBuddy5Tests */ = {
			isa = PBXGroup;
			children = (
				90E95BAC1B775D9500A47BEA /* BudgetBuddy5Tests.swift */,
				90E95BAA1B775D9500A47BEA /* Supporting Files */,
			);
			path = BudgetBuddy5Tests;
			sourceTree = "<group>";
		};
		90E95BAA1B775D9500A47BEA /* Supporting Files */ = {
			isa = PBXGroup;
			children = (
				90E95BAB1B775D9500A47BEA /* Info.plist */,
			);
			name = "Supporting Files";
			sourceTree = "<group>";
		};
		A7947AF37EA6B0AF33E08415 /* Frameworks */ = {
			isa = PBXGroup;
			children = (
				90FB8A4C1B778CAC005A0403 /* SenseSdk.framework */,
				90FB8A441B7766C1005A0403 /* MapKit.framework */,
				DF20BC600D358F171EF002BF /* libPods.a */,
			);
			name = Frameworks;
			sourceTree = "<group>";
		};
		C6E24EEE1769EE68B7ABC7EE /* Pods */ = {
			isa = PBXGroup;
			children = (
				CDA433F7ADBAF489C1652841 /* Pods.debug.xcconfig */,
				997DD5687A5345729C545F86 /* Pods.release.xcconfig */,
			);
			name = Pods;
			sourceTree = "<group>";
		};
/* End PBXGroup section */

/* Begin PBXNativeTarget section */
		90E95B8E1B775D9500A47BEA /* BudgetBuddy5 */ = {
			isa = PBXNativeTarget;
			buildConfigurationList = 90E95BB01B775D9500A47BEA /* Build configuration list for PBXNativeTarget "BudgetBuddy5" */;
			buildPhases = (
				E369D316470D6072492B3CBE /* Check Pods Manifest.lock */,
				90E95B8B1B775D9500A47BEA /* Sources */,
				90E95B8C1B775D9500A47BEA /* Frameworks */,
				90E95B8D1B775D9500A47BEA /* Resources */,
				CF3BD4D908835599BEF47716 /* Copy Pods Resources */,
			);
			buildRules = (
			);
			dependencies = (
			);
			name = BudgetBuddy5;
			productName = BudgetBuddy5;
			productReference = 90E95B8F1B775D9500A47BEA /* BudgetBuddy5.app */;
			productType = "com.apple.product-type.application";
		};
		90E95BA51B775D9500A47BEA /* BudgetBuddy5Tests */ = {
			isa = PBXNativeTarget;
			buildConfigurationList = 90E95BB31B775D9500A47BEA /* Build configuration list for PBXNativeTarget "BudgetBuddy5Tests" */;
			buildPhases = (
				90E95BA21B775D9500A47BEA /* Sources */,
				90E95BA31B775D9500A47BEA /* Frameworks */,
				90E95BA41B775D9500A47BEA /* Resources */,
			);
			buildRules = (
			);
			dependencies = (
				90E95BA81B775D9500A47BEA /* PBXTargetDependency */,
			);
			name = BudgetBuddy5Tests;
			productName = BudgetBuddy5Tests;
			productReference = 90E95BA61B775D9500A47BEA /* BudgetBuddy5Tests.xctest */;
			productType = "com.apple.product-type.bundle.unit-test";
		};
/* End PBXNativeTarget section */

/* Begin PBXProject section */
		90E95B871B775D9500A47BEA /* Project object */ = {
			isa = PBXProject;
			attributes = {
				LastUpgradeCheck = 0640;
				ORGANIZATIONNAME = "Oshani Seneviratne";
				TargetAttributes = {
					90E95B8E1B775D9500A47BEA = {
						CreatedOnToolsVersion = 6.4;
						SystemCapabilities = {
							com.apple.BackgroundModes = {
								enabled = 1;
							};
							com.apple.Maps.iOS = {
								enabled = 1;
							};
						};
					};
					90E95BA51B775D9500A47BEA = {
						CreatedOnToolsVersion = 6.4;
						TestTargetID = 90E95B8E1B775D9500A47BEA;
					};
				};
			};
			buildConfigurationList = 90E95B8A1B775D9500A47BEA /* Build configuration list for PBXProject "BudgetBuddy5" */;
			compatibilityVersion = "Xcode 3.2";
			developmentRegion = English;
			hasScannedForEncodings = 0;
			knownRegions = (
				en,
				Base,
			);
			mainGroup = 90E95B861B775D9500A47BEA;
			productRefGroup = 90E95B901B775D9500A47BEA /* Products */;
			projectDirPath = "";
			projectRoot = "";
			targets = (
				90E95B8E1B775D9500A47BEA /* BudgetBuddy5 */,
				90E95BA51B775D9500A47BEA /* BudgetBuddy5Tests */,
			);
		};
/* End PBXProject section */

/* Begin PBXResourcesBuildPhase section */
		90E95B8D1B775D9500A47BEA /* Resources */ = {
			isa = PBXResourcesBuildPhase;
			buildActionMask = 2147483647;
			files = (
				90E95B9C1B775D9500A47BEA /* Main.storyboard in Resources */,
				90E95BA11B775D9500A47BEA /* LaunchScreen.xib in Resources */,
				90E95B9E1B775D9500A47BEA /* Images.xcassets in Resources */,
			);
			runOnlyForDeploymentPostprocessing = 0;
		};
		90E95BA41B775D9500A47BEA /* Resources */ = {
			isa = PBXResourcesBuildPhase;
			buildActionMask = 2147483647;
			files = (
			);
			runOnlyForDeploymentPostprocessing = 0;
		};
/* End PBXResourcesBuildPhase section */

/* Begin PBXShellScriptBuildPhase section */
		CF3BD4D908835599BEF47716 /* Copy Pods Resources */ = {
			isa = PBXShellScriptBuildPhase;
			buildActionMask = 2147483647;
			files = (
			);
			inputPaths = (
			);
			name = "Copy Pods Resources";
			outputPaths = (
			);
			runOnlyForDeploymentPostprocessing = 0;
			shellPath = /bin/sh;
			shellScript = "\"${SRCROOT}/Pods/Target Support Files/Pods/Pods-resources.sh\"\n";
			showEnvVarsInLog = 0;
		};
		E369D316470D6072492B3CBE /* Check Pods Manifest.lock */ = {
			isa = PBXShellScriptBuildPhase;
			buildActionMask = 2147483647;
			files = (
			);
			inputPaths = (
			);
			name = "Check Pods Manifest.lock";
			outputPaths = (
			);
			runOnlyForDeploymentPostprocessing = 0;
			shellPath = /bin/sh;
			shellScript = "diff \"${PODS_ROOT}/../Podfile.lock\" \"${PODS_ROOT}/Manifest.lock\" > /dev/null\nif [[ $? != 0 ]] ; then\n    cat << EOM\nerror: The sandbox is not in sync with the Podfile.lock. Run 'pod install' or update your CocoaPods installation.\nEOM\n    exit 1\nfi\n";
			showEnvVarsInLog = 0;
		};
/* End PBXShellScriptBuildPhase section */

/* Begin PBXSourcesBuildPhase section */
		90E95B8B1B775D9500A47BEA /* Sources */ = {
			isa = PBXSourcesBuildPhase;
			buildActionMask = 2147483647;
			files = (
				90E95B991B775D9500A47BEA /* SecondViewController.swift in Sources */,
				90E95B951B775D9500A47BEA /* AppDelegate.swift in Sources */,
				90E95B971B775D9500A47BEA /* FirstViewController.swift in Sources */,
				90FB8A471B7772A0005A0403 /* BuddyViewController.swift in Sources */,
				90FB8A491B7786A9005A0403 /* Event.swift in Sources */,
			);
			runOnlyForDeploymentPostprocessing = 0;
		};
		90E95BA21B775D9500A47BEA /* Sources */ = {
			isa = PBXSourcesBuildPhase;
			buildActionMask = 2147483647;
			files = (
				90E95BAD1B775D9500A47BEA /* BudgetBuddy5Tests.swift in Sources */,
			);
			runOnlyForDeploymentPostprocessing = 0;
		};
/* End PBXSourcesBuildPhase section */

/* Begin PBXTargetDependency section */
		90E95BA81B775D9500A47BEA /* PBXTargetDependency */ = {
			isa = PBXTargetDependency;
			target = 90E95B8E1B775D9500A47BEA /* BudgetBuddy5 */;
			targetProxy = 90E95BA71B775D9500A47BEA /* PBXContainerItemProxy */;
		};
/* End PBXTargetDependency section */

/* Begin PBXVariantGroup section */
		90E95B9A1B775D9500A47BEA /* Main.storyboard */ = {
			isa = PBXVariantGroup;
			children = (
				90E95B9B1B775D9500A47BEA /* Base */,
			);
			name = Main.storyboard;
			sourceTree = "<group>";
		};
		90E95B9F1B775D9500A47BEA /* LaunchScreen.xib */ = {
			isa = PBXVariantGroup;
			children = (
				90E95BA01B775D9500A47BEA /* Base */,
			);
			name = LaunchScreen.xib;
			sourceTree = "<group>";
		};
/* End PBXVariantGroup section */

/* Begin XCBuildConfiguration section */
		90E95BAE1B775D9500A47BEA /* Debug */ = {
			isa = XCBuildConfiguration;
			buildSettings = {
				ALWAYS_SEARCH_USER_PATHS = NO;
				CLANG_CXX_LANGUAGE_STANDARD = "gnu++0x";
				CLANG_CXX_LIBRARY = "libc++";
				CLANG_ENABLE_MODULES = YES;
				CLANG_ENABLE_OBJC_ARC = YES;
				CLANG_WARN_BOOL_CONVERSION = YES;
				CLANG_WARN_CONSTANT_CONVERSION = YES;
				CLANG_WARN_DIRECT_OBJC_ISA_USAGE = YES_ERROR;
				CLANG_WARN_EMPTY_BODY = YES;
				CLANG_WARN_ENUM_CONVERSION = YES;
				CLANG_WARN_INT_CONVERSION = YES;
				CLANG_WARN_OBJC_ROOT_CLASS = YES_ERROR;
				CLANG_WARN_UNREACHABLE_CODE = YES;
				CLANG_WARN__DUPLICATE_METHOD_MATCH = YES;
				"CODE_SIGN_IDENTITY[sdk=iphoneos*]" = "iPhone Developer";
				COPY_PHASE_STRIP = NO;
				DEBUG_INFORMATION_FORMAT = "dwarf-with-dsym";
				ENABLE_STRICT_OBJC_MSGSEND = YES;
				GCC_C_LANGUAGE_STANDARD = gnu99;
				GCC_DYNAMIC_NO_PIC = NO;
				GCC_NO_COMMON_BLOCKS = YES;
				GCC_OPTIMIZATION_LEVEL = 0;
				GCC_PREPROCESSOR_DEFINITIONS = (
					"DEBUG=1",
					"$(inherited)",
				);
				GCC_SYMBOLS_PRIVATE_EXTERN = NO;
				GCC_WARN_64_TO_32_BIT_CONVERSION = YES;
				GCC_WARN_ABOUT_RETURN_TYPE = YES_ERROR;
				GCC_WARN_UNDECLARED_SELECTOR = YES;
				GCC_WARN_UNINITIALIZED_AUTOS = YES_AGGRESSIVE;
				GCC_WARN_UNUSED_FUNCTION = YES;
				GCC_WARN_UNUSED_VARIABLE = YES;
				IPHONEOS_DEPLOYMENT_TARGET = 8.4;
				MTL_ENABLE_DEBUG_INFO = YES;
				ONLY_ACTIVE_ARCH = YES;
				SDKROOT = iphoneos;
				SWIFT_OPTIMIZATION_LEVEL = "-Onone";
			};
			name = Debug;
		};
		90E95BAF1B775D9500A47BEA /* Release */ = {
			isa = XCBuildConfiguration;
			buildSettings = {
				ALWAYS_SEARCH_USER_PATHS = NO;
				CLANG_CXX_LANGUAGE_STANDARD = "gnu++0x";
				CLANG_CXX_LIBRARY = "libc++";
				CLANG_ENABLE_MODULES = YES;
				CLANG_ENABLE_OBJC_ARC = YES;
				CLANG_WARN_BOOL_CONVERSION = YES;
				CLANG_WARN_CONSTANT_CONVERSION = YES;
				CLANG_WARN_DIRECT_OBJC_ISA_USAGE = YES_ERROR;
				CLANG_WARN_EMPTY_BODY = YES;
				CLANG_WARN_ENUM_CONVERSION = YES;
				CLANG_WARN_INT_CONVERSION = YES;
				CLANG_WARN_OBJC_ROOT_CLASS = YES_ERROR;
				CLANG_WARN_UNREACHABLE_CODE = YES;
				CLANG_WARN__DUPLICATE_METHOD_MATCH = YES;
				"CODE_SIGN_IDENTITY[sdk=iphoneos*]" = "iPhone Developer";
				COPY_PHASE_STRIP = NO;
				DEBUG_INFORMATION_FORMAT = "dwarf-with-dsym";
				ENABLE_NS_ASSERTIONS = NO;
				ENABLE_STRICT_OBJC_MSGSEND = YES;
				GCC_C_LANGUAGE_STANDARD = gnu99;
				GCC_NO_COMMON_BLOCKS = YES;
				GCC_WARN_64_TO_32_BIT_CONVERSION = YES;
				GCC_WARN_ABOUT_RETURN_TYPE = YES_ERROR;
				GCC_WARN_UNDECLARED_SELECTOR = YES;
				GCC_WARN_UNINITIALIZED_AUTOS = YES_AGGRESSIVE;
				GCC_WARN_UNUSED_FUNCTION = YES;
				GCC_WARN_UNUSED_VARIABLE = YES;
				IPHONEOS_DEPLOYMENT_TARGET = 8.4;
				MTL_ENABLE_DEBUG_INFO = NO;
				SDKROOT = iphoneos;
				VALIDATE_PRODUCT = YES;
			};
			name = Release;
		};
		90E95BB11B775D9500A47BEA /* Debug */ = {
			isa = XCBuildConfiguration;
			baseConfigurationReference = CDA433F7ADBAF489C1652841 /* Pods.debug.xcconfig */;
			buildSettings = {
				ASSETCATALOG_COMPILER_APPICON_NAME = AppIcon;
				FRAMEWORK_SEARCH_PATHS = (
					"$(inherited)",
					/Users/oshani/iOS/BudgetBuddy,
				);
				INFOPLIST_FILE = BudgetBuddy5/Info.plist;
				LD_RUNPATH_SEARCH_PATHS = "$(inherited) @executable_path/Frameworks";
				PRODUCT_NAME = "$(TARGET_NAME)";
				SWIFT_OBJC_BRIDGING_HEADER = Bridging.h;
			};
			name = Debug;
		};
		90E95BB21B775D9500A47BEA /* Release */ = {
			isa = XCBuildConfiguration;
			baseConfigurationReference = 997DD5687A5345729C545F86 /* Pods.release.xcconfig */;
			buildSettings = {
				ASSETCATALOG_COMPILER_APPICON_NAME = AppIcon;
				FRAMEWORK_SEARCH_PATHS = (
					"$(inherited)",
					/Users/oshani/iOS/BudgetBuddy,
				);
				INFOPLIST_FILE = BudgetBuddy5/Info.plist;
				LD_RUNPATH_SEARCH_PATHS = "$(inherited) @executable_path/Frameworks";
				PRODUCT_NAME = "$(TARGET_NAME)";
				SWIFT_OBJC_BRIDGING_HEADER = Bridging.h;
			};
			name = Release;
		};
		90E95BB41B775D9500A47BEA /* Debug */ = {
			isa = XCBuildConfiguration;
			buildSettings = {
				BUNDLE_LOADER = "$(TEST_HOST)";
				FRAMEWORK_SEARCH_PATHS = (
					"$(SDKROOT)/Developer/Library/Frameworks",
					"$(inherited)",
				);
				GCC_PREPROCESSOR_DEFINITIONS = (
					"DEBUG=1",
					"$(inherited)",
				);
				INFOPLIST_FILE = BudgetBuddy5Tests/Info.plist;
				LD_RUNPATH_SEARCH_PATHS = "$(inherited) @executable_path/Frameworks @loader_path/Frameworks";
				PRODUCT_NAME = "$(TARGET_NAME)";
				TEST_HOST = "$(BUILT_PRODUCTS_DIR)/BudgetBuddy5.app/BudgetBuddy5";
			};
			name = Debug;
		};
		90E95BB51B775D9500A47BEA /* Release */ = {
			isa = XCBuildConfiguration;
			buildSettings = {
				BUNDLE_LOADER = "$(TEST_HOST)";
				FRAMEWORK_SEARCH_PATHS = (
					"$(SDKROOT)/Developer/Library/Frameworks",
					"$(inherited)",
				);
				INFOPLIST_FILE = BudgetBuddy5Tests/Info.plist;
				LD_RUNPATH_SEARCH_PATHS = "$(inherited) @executable_path/Frameworks @loader_path/Frameworks";
				PRODUCT_NAME = "$(TARGET_NAME)";
				TEST_HOST = "$(BUILT_PRODUCTS_DIR)/BudgetBuddy5.app/BudgetBuddy5";
			};
			name = Release;
		};
/* End XCBuildConfiguration section */

/* Begin XCConfigurationList section */
		90E95B8A1B775D9500A47BEA /* Build configuration list for PBXProject "BudgetBuddy5" */ = {
			isa = XCConfigurationList;
			buildConfigurations = (
				90E95BAE1B775D9500A47BEA /* Debug */,
				90E95BAF1B775D9500A47BEA /* Release */,
			);
			defaultConfigurationIsVisible = 0;
			defaultConfigurationName = Release;
		};
		90E95BB01B775D9500A47BEA /* Build configuration list for PBXNativeTarget "BudgetBuddy5" */ = {
			isa = XCConfigurationList;
			buildConfigurations = (
				90E95BB11B775D9500A47BEA /* Debug */,
				90E95BB21B775D9500A47BEA /* Release */,
			);
			defaultConfigurationIsVisible = 0;
			defaultConfigurationName = Release;
		};
		90E95BB31B775D9500A47BEA /* Build configuration list for PBXNativeTarget "BudgetBuddy5Tests" */ = {
			isa = XCConfigurationList;
			buildConfigurations = (
				90E95BB41B775D9500A47BEA /* Debug */,
				90E95BB51B775D9500A47BEA /* Release */,
			);
			defaultConfigurationIsVisible = 0;
			defaultConfigurationName = Release;
		};
/* End XCConfigurationList section */
	};
	rootObject = 90E95B871B775D9500A47BEA /* Project object */;
}
